
Microsoft Visual Studio Solution File, Format Version 12.00
# Visual Studio Version 17
VisualStudioVersion = 17.5.002.0
MinimumVisualStudioVersion = 10.0.40219.1
Project("{9A19103F-16F7-4668-BE54-9A1E7A4F7556}") = "Task9", "Task9.csproj", "{C231AF6E-BBD9-41EC-89DF-7F4CFFFF9FDF}"
EndProject
Global
	GlobalSection(SolutionConfigurationPlatforms) = preSolution
		Debug|Any CPU = Debug|Any CPU
		Release|Any CPU = Release|Any CPU
	EndGlobalSection
	GlobalSection(ProjectConfigurationPlatforms) = postSolution
		{C231AF6E-BBD9-41EC-89DF-7F4CFFFF9FDF}.Debug|Any CPU.ActiveCfg = Debug|Any CPU
		{C231AF6E-BBD9-41EC-89DF-7F4CFFFF9FDF}.Debug|Any CPU.Build.0 = Debug|Any CPU
		{C231AF6E-BBD9-41EC-89DF-7F4CFFFF9FDF}.Release|Any CPU.ActiveCfg = Release|Any CPU
		{C231AF6E-BBD9-41EC-89DF-7F4CFFFF9FDF}.Release|Any CPU.Build.0 = Release|Any CPU
	EndGlobalSection
	GlobalSection(SolutionProperties) = preSolution
		HideSolutionNode = FALSE
	EndGlobalSection
	GlobalSection(ExtensibilityGlobals) = postSolution
		SolutionGuid = {5B67D34E-9059-438F-AC22-E46FEF14949A}
	EndGlobalSection
EndGlobal
